<Solution>
  <Folder Name="/src/">
    <Project Path="src/CoppAddresd.Api/CoppAddresd.Api.csproj" />
    <Project Path="src/CoppAddresd.Application/CoppAddresd.Application.csproj" />
    <Project Path="src/CoppAddresd.Domain/CoppAddresd.Domain.csproj" />
    <Project Path="src/CoppAddresd.Infrastructure/CoppAddresd.Infrastructure.csproj" />
  </Folder>
  <Folder Name="/src/Services/">
    <Project Path="src/Services/CoppAddresd.Auth/CoppAddresd.Auth.csproj" />
    <Project Path="src/Services/CoppAddresd.Gateway/CoppAddresd.Gateway.csproj" />
    <Project Path="src/Services/CoppAddresd.Telemedicine/CoppAddresd.Telemedicine.csproj" />
  </Folder>
  <Folder Name="/tests/">
    <Project Path="tests/CoppAddresd.Gateway.UnitTests/CoppAddresd.Gateway.UnitTests.csproj" />
    <Project Path="tests/CoppAddresd.Gateway.IntegrationTests/CoppAddresd.Gateway.IntegrationTests.csproj" />
    <Project Path="tests/CoppAddresd.IntegrationTests/CoppAddresd.IntegrationTests.csproj" />
    <Project Path="tests/CoppAddresd.Telemedicine.IntegrationTests/CoppAddresd.Telemedicine.IntegrationTests.csproj" />
    <Project Path="tests/CoppAddresd.Telemedicine.UnitTests/CoppAddresd.Telemedicine.UnitTests.csproj" />
    <Project Path="tests/CoppAddresd.UnitTests/CoppAddresd.UnitTests.csproj" />
  </Folder>
</Solution>
